{
  "name": "nygfl-stats",
  "version": "1.0.0",
  "lockfileVersion": 3,
  "requires": true,
  "packages": {
    "": {
      "name": "nygfl-stats",
      "version": "1.0.0",
      "license": "ISC",
      "dependencies": {
        "csv-transpose": "^1.2.0"
      }
    },
    "node_modules/csv-transpose": {
      "version": "1.2.0",
      "resolved": "https://registry.npmjs.org/csv-transpose/-/csv-transpose-1.2.0.tgz",
      "integrity": "sha512-afVWxay10D8c0pMA9NjKH+fhkeji7oitzUjsU9MQMY8tR7NKd65vo9+cDm2jWxEpRzagMF5lf5sKlTtTHCCEJg==",
      "license": "BSD-2-Clause",
      "bin": {
        "csv-transpose": "csv-transpose",
        "tsv-transpose": "tsv-transpose"
      }
    }
  }
}
